
Microsoft Visual Studio Solution File, Format Version 12.00
# Visual Studio Version 16
VisualStudioVersion = 16.0.29609.76
MinimumVisualStudioVersion = 10.0.40219.1
Project("{FAE04EC0-301F-11D3-BF4B-00C04F79EFBC}") = "ContentViewTest", "ContentViewTest\ContentViewTest\ContentViewTest.csproj", "{5C4E67D1-4500-44AB-8505-F7F397891F9D}"
EndProject
Project("{FAE04EC0-301F-11D3-BF4B-00C04F79EFBC}") = "ContentViewTest.Android", "ContentViewTest\ContentViewTest.Android\ContentViewTest.Android.csproj", "{0492C64A-BB28-4509-8D1B-7BD5E317F235}"
EndProject
Project("{FAE04EC0-301F-11D3-BF4B-00C04F79EFBC}") = "ContentViewTest.iOS", "ContentViewTest\ContentViewTest.iOS\ContentViewTest.iOS.csproj", "{E23F9BA8-FF60-4FD0-993A-7A06A1456C0A}"
EndProject
Project("{FAE04EC0-301F-11D3-BF4B-00C04F79EFBC}") = "ContentViewTest.UWP", "ContentViewTest\ContentViewTest.UWP\ContentViewTest.UWP.csproj", "{678B75FE-7E59-4BE8-BC25-E92D87180498}"
EndProject
Global
	GlobalSection(SolutionConfigurationPlatforms) = preSolution
		Ad-Hoc|Any CPU = Ad-Hoc|Any CPU
		Ad-Hoc|ARM = Ad-Hoc|ARM
		Ad-Hoc|iPhone = Ad-Hoc|iPhone
		Ad-Hoc|iPhoneSimulator = Ad-Hoc|iPhoneSimulator
		Ad-Hoc|x64 = Ad-Hoc|x64
		Ad-Hoc|x86 = Ad-Hoc|x86
		AppStore|Any CPU = AppStore|Any CPU
		AppStore|ARM = AppStore|ARM
		AppStore|iPhone = AppStore|iPhone
		AppStore|iPhoneSimulator = AppStore|iPhoneSimulator
		AppStore|x64 = AppStore|x64
		AppStore|x86 = AppStore|x86
		Debug|Any CPU = Debug|Any CPU
		Debug|ARM = Debug|ARM
		Debug|iPhone = Debug|iPhone
		Debug|iPhoneSimulator = Debug|iPhoneSimulator
		Debug|x64 = Debug|x64
		Debug|x86 = Debug|x86
		Release|Any CPU = Release|Any CPU
		Release|ARM = Release|ARM
		Release|iPhone = Release|iPhone
		Release|iPhoneSimulator = Release|iPhoneSimulator
		Release|x64 = Release|x64
		Release|x86 = Release|x86
	EndGlobalSection
	GlobalSection(ProjectConfigurationPlatforms) = postSolution
		{5C4E67D1-4500-44AB-8505-F7F397891F9D}.Ad-Hoc|Any CPU.ActiveCfg = Debug|Any CPU
		{5C4E67D1-4500-44AB-8505-F7F397891F9D}.Ad-Hoc|Any CPU.Build.0 = Debug|Any CPU
		{5C4E67D1-4500-44AB-8505-F7F397891F9D}.Ad-Hoc|ARM.ActiveCfg = Debug|Any CPU
		{5C4E67D1-4500-44AB-8505-F7F397891F9D}.Ad-Hoc|ARM.Build.0 = Debug|Any CPU
		{5C4E67D1-4500-44AB-8505-F7F397891F9D}.Ad-Hoc|iPhone.ActiveCfg = Debug|Any CPU
		{5C4E67D1-4500-44AB-8505-F7F397891F9D}.Ad-Hoc|iPhone.Build.0 = Debug|Any CPU
		{5C4E67D1-4500-44AB-8505-F7F397891F9D}.Ad-Hoc|iPhoneSimulator.ActiveCfg = Debug|Any CPU
		{5C4E67D1-4500-44AB-8505-F7F397891F9D}.Ad-Hoc|iPhoneSimulator.Build.0 = Debug|Any CPU
		{5C4E67D1-4500-44AB-8505-F7F397891F9D}.Ad-Hoc|x64.ActiveCfg = Debug|Any CPU
		{5C4E67D1-4500-44AB-8505-F7F397891F9D}.Ad-Hoc|x64.Build.0 = Debug|Any CPU
		{5C4E67D1-4500-44AB-8505-F7F397891F9D}.Ad-Hoc|x86.ActiveCfg = Debug|Any CPU
		{5C4E67D1-4500-44AB-8505-F7F397891F9D}.Ad-Hoc|x86.Build.0 = Debug|Any CPU
		{5C4E67D1-4500-44AB-8505-F7F397891F9D}.AppStore|Any CPU.ActiveCfg = Debug|Any CPU
		{5C4E67D1-4500-44AB-8505-F7F397891F9D}.AppStore|Any CPU.Build.0 = Debug|Any CPU
		{5C4E67D1-4500-44AB-8505-F7F397891F9D}.AppStore|ARM.ActiveCfg = Debug|Any CPU
		{5C4E67D1-4500-44AB-8505-F7F397891F9D}.AppStore|ARM.Build.0 = Debug|Any CPU
		{5C4E67D1-4500-44AB-8505-F7F397891F9D}.AppStore|iPhone.ActiveCfg = Debug|Any CPU
		{5C4E67D1-4500-44AB-8505-F7F397891F9D}.AppStore|iPhone.Build.0 = Debug|Any CPU
		{5C4E67D1-4500-44AB-8505-F7F397891F9D}.AppStore|iPhoneSimulator.ActiveCfg = Debug|Any CPU
		{5C4E67D1-4500-44AB-8505-F7F397891F9D}.AppStore|iPhoneSimulator.Build.0 = Debug|Any CPU
		{5C4E67D1-4500-44AB-8505-F7F397891F9D}.AppStore|x64.ActiveCfg = Debug|Any CPU
		{5C4E67D1-4500-44AB-8505-F7F397891F9D}.AppStore|x64.Build.0 = Debug|Any CPU
		{5C4E67D1-4500-44AB-8505-F7F397891F9D}.AppStore|x86.ActiveCfg = Debug|Any CPU
		{5C4E67D1-4500-44AB-8505-F7F397891F9D}.AppStore|x86.Build.0 = Debug|Any CPU
		{5C4E67D1-4500-44AB-8505-F7F397891F9D}.Debug|Any CPU.ActiveCfg = Debug|Any CPU
		{5C4E67D1-4500-44AB-8505-F7F397891F9D}.Debug|Any CPU.Build.0 = Debug|Any CPU
		{5C4E67D1-4500-44AB-8505-F7F397891F9D}.Debug|ARM.ActiveCfg = Debug|Any CPU
		{5C4E67D1-4500-44AB-8505-F7F397891F9D}.Debug|ARM.Build.0 = Debug|Any CPU
		{5C4E67D1-4500-44AB-8505-F7F397891F9D}.Debug|iPhone.ActiveCfg = Debug|Any CPU
		{5C4E67D1-4500-44AB-8505-F7F397891F9D}.Debug|iPhone.Build.0 = Debug|Any CPU
		{5C4E67D1-4500-44AB-8505-F7F397891F9D}.Debug|iPhoneSimulator.ActiveCfg = Debug|Any CPU
		{5C4E67D1-4500-44AB-8505-F7F397891F9D}.Debug|iPhoneSimulator.Build.0 = Debug|Any CPU
		{5C4E67D1-4500-44AB-8505-F7F397891F9D}.Debug|x64.ActiveCfg = Debug|Any CPU
		{5C4E67D1-4500-44AB-8505-F7F397891F9D}.Debug|x64.Build.0 = Debug|Any CPU
		{5C4E67D1-4500-44AB-8505-F7F397891F9D}.Debug|x86.ActiveCfg = Debug|Any CPU
		{5C4E67D1-4500-44AB-8505-F7F397891F9D}.Debug|x86.Build.0 = Debug|Any CPU
		{5C4E67D1-4500-44AB-8505-F7F397891F9D}.Release|Any CPU.ActiveCfg = Release|Any CPU
		{5C4E67D1-4500-44AB-8505-F7F397891F9D}.Release|Any CPU.Build.0 = Release|Any CPU
		{5C4E67D1-4500-44AB-8505-F7F397891F9D}.Release|ARM.ActiveCfg = Release|Any CPU
		{5C4E67D1-4500-44AB-8505-F7F397891F9D}.Release|ARM.Build.0 = Release|Any CPU
		{5C4E67D1-4500-44AB-8505-F7F397891F9D}.Release|iPhone.ActiveCfg = Release|Any CPU
		{5C4E67D1-4500-44AB-8505-F7F397891F9D}.Release|iPhone.Build.0 = Release|Any CPU
		{5C4E67D1-4500-44AB-8505-F7F397891F9D}.Release|iPhoneSimulator.ActiveCfg = Release|Any CPU
		{5C4E67D1-4500-44AB-8505-F7F397891F9D}.Release|iPhoneSimulator.Build.0 = Release|Any CPU
		{5C4E67D1-4500-44AB-8505-F7F397891F9D}.Release|x64.ActiveCfg = Release|Any CPU
		{5C4E67D1-4500-44AB-8505-F7F397891F9D}.Release|x64.Build.0 = Release|Any CPU
		{5C4E67D1-4500-44AB-8505-F7F397891F9D}.Release|x86.ActiveCfg = Release|Any CPU
		{5C4E67D1-4500-44AB-8505-F7F397891F9D}.Release|x86.Build.0 = Release|Any CPU
		{0492C64A-BB28-4509-8D1B-7BD5E317F235}.Ad-Hoc|Any CPU.ActiveCfg = Release|Any CPU
		{0492C64A-BB28-4509-8D1B-7BD5E317F235}.Ad-Hoc|Any CPU.Build.0 = Release|Any CPU
		{0492C64A-BB28-4509-8D1B-7BD5E317F235}.Ad-Hoc|Any CPU.Deploy.0 = Release|Any CPU
		{0492C64A-BB28-4509-8D1B-7BD5E317F235}.Ad-Hoc|ARM.ActiveCfg = Release|Any CPU
		{0492C64A-BB28-4509-8D1B-7BD5E317F235}.Ad-Hoc|ARM.Build.0 = Release|Any CPU
		{0492C64A-BB28-4509-8D1B-7BD5E317F235}.Ad-Hoc|ARM.Deploy.0 = Release|Any CPU
		{0492C64A-BB28-4509-8D1B-7BD5E317F235}.Ad-Hoc|iPhone.ActiveCfg = Release|Any CPU
		{0492C64A-BB28-4509-8D1B-7BD5E317F235}.Ad-Hoc|iPhone.Build.0 = Release|Any CPU
		{0492C64A-BB28-4509-8D1B-7BD5E317F235}.Ad-Hoc|iPhone.Deploy.0 = Release|Any CPU
		{0492C64A-BB28-4509-8D1B-7BD5E317F235}.Ad-Hoc|iPhoneSimulator.ActiveCfg = Release|Any CPU
		{0492C64A-BB28-4509-8D1B-7BD5E317F235}.Ad-Hoc|iPhoneSimulator.Build.0 = Release|Any CPU
		{0492C64A-BB28-4509-8D1B-7BD5E317F235}.Ad-Hoc|iPhoneSimulator.Deploy.0 = Release|Any CPU
		{0492C64A-BB28-4509-8D1B-7BD5E317F235}.Ad-Hoc|x64.ActiveCfg = Release|Any CPU
		{0492C64A-BB28-4509-8D1B-7BD5E317F235}.Ad-Hoc|x64.Build.0 = Release|Any CPU
		{0492C64A-BB28-4509-8D1B-7BD5E317F235}.Ad-Hoc|x64.Deploy.0 = Release|Any CPU
		{0492C64A-BB28-4509-8D1B-7BD5E317F235}.Ad-Hoc|x86.ActiveCfg = Release|Any CPU
		{0492C64A-BB28-4509-8D1B-7BD5E317F235}.Ad-Hoc|x86.Build.0 = Release|Any CPU
		{0492C64A-BB28-4509-8D1B-7BD5E317F235}.Ad-Hoc|x86.Deploy.0 = Release|Any CPU
		{0492C64A-BB28-4509-8D1B-7BD5E317F235}.AppStore|Any CPU.ActiveCfg = Release|Any CPU
		{0492C64A-BB28-4509-8D1B-7BD5E317F235}.AppStore|Any CPU.Build.0 = Release|Any CPU
		{0492C64A-BB28-4509-8D1B-7BD5E317F235}.AppStore|Any CPU.Deploy.0 = Release|Any CPU
		{0492C64A-BB28-4509-8D1B-7BD5E317F235}.AppStore|ARM.ActiveCfg = Release|Any CPU
		{0492C64A-BB28-4509-8D1B-7BD5E317F235}.AppStore|ARM.Build.0 = Release|Any CPU
		{0492C64A-BB28-4509-8D1B-7BD5E317F235}.AppStore|ARM.Deploy.0 = Release|Any CPU
		{0492C64A-BB28-4509-8D1B-7BD5E317F235}.AppStore|iPhone.ActiveCfg = Release|Any CPU
		{0492C64A-BB28-4509-8D1B-7BD5E317F235}.AppStore|iPhone.Build.0 = Release|Any CPU
		{0492C64A-BB28-4509-8D1B-7BD5E317F235}.AppStore|iPhone.Deploy.0 = Release|Any CPU
		{0492C64A-BB28-4509-8D1B-7BD5E317F235}.AppStore|iPhoneSimulator.ActiveCfg = Release|Any CPU
		{0492C64A-BB28-4509-8D1B-7BD5E317F235}.AppStore|iPhoneSimulator.Build.0 = Release|Any CPU
		{0492C64A-BB28-4509-8D1B-7BD5E317F235}.AppStore|iPhoneSimulator.Deploy.0 = Release|Any CPU
		{0492C64A-BB28-4509-8D1B-7BD5E317F235}.AppStore|x64.ActiveCfg = Release|Any CPU
		{0492C64A-BB28-4509-8D1B-7BD5E317F235}.AppStore|x64.Build.0 = Release|Any CPU
		{0492C64A-BB28-4509-8D1B-7BD5E317F235}.AppStore|x64.Deploy.0 = Release|Any CPU
		{0492C64A-BB28-4509-8D1B-7BD5E317F235}.AppStore|x86.ActiveCfg = Release|Any CPU
		{0492C64A-BB28-4509-8D1B-7BD5E317F235}.AppStore|x86.Build.0 = Release|Any CPU
		{0492C64A-BB28-4509-8D1B-7BD5E317F235}.AppStore|x86.Deploy.0 = Release|Any CPU
		{0492C64A-BB28-4509-8D1B-7BD5E317F235}.Debug|Any CPU.ActiveCfg = Debug|Any CPU
		{0492C64A-BB28-4509-8D1B-7BD5E317F235}.Debug|Any CPU.Build.0 = Debug|Any CPU
		{0492C64A-BB28-4509-8D1B-7BD5E317F235}.Debug|Any CPU.Deploy.0 = Debug|Any CPU
		{0492C64A-BB28-4509-8D1B-7BD5E317F235}.Debug|ARM.ActiveCfg = Debug|Any CPU
		{0492C64A-BB28-4509-8D1B-7BD5E317F235}.Debug|ARM.Build.0 = Debug|Any CPU
		{0492C64A-BB28-4509-8D1B-7BD5E317F235}.Debug|ARM.Deploy.0 = Debug|Any CPU
		{0492C64A-BB28-4509-8D1B-7BD5E317F235}.Debug|iPhone.ActiveCfg = Debug|Any CPU
		{0492C64A-BB28-4509-8D1B-7BD5E317F235}.Debug|iPhone.Build.0 = Debug|Any CPU
		{0492C64A-BB28-4509-8D1B-7BD5E317F235}.Debug|iPhone.Deploy.0 = Debug|Any CPU
		{0492C64A-BB28-4509-8D1B-7BD5E317F235}.Debug|iPhoneSimulator.ActiveCfg = Debug|Any CPU
		{0492C64A-BB28-4509-8D1B-7BD5E317F235}.Debug|iPhoneSimulator.Build.0 = Debug|Any CPU
		{0492C64A-BB28-4509-8D1B-7BD5E317F235}.Debug|iPhoneSimulator.Deploy.0 = Debug|Any CPU
		{0492C64A-BB28-4509-8D1B-7BD5E317F235}.Debug|x64.ActiveCfg = Debug|Any CPU
		{0492C64A-BB28-4509-8D1B-7BD5E317F235}.Debug|x64.Build.0 = Debug|Any CPU
		{0492C64A-BB28-4509-8D1B-7BD5E317F235}.Debug|x64.Deploy.0 = Debug|Any CPU
		{0492C64A-BB28-4509-8D1B-7BD5E317F235}.Debug|x86.ActiveCfg = Debug|Any CPU
		{0492C64A-BB28-4509-8D1B-7BD5E317F235}.Debug|x86.Build.0 = Debug|Any CPU
		{0492C64A-BB28-4509-8D1B-7BD5E317F235}.Debug|x86.Deploy.0 = Debug|Any CPU
		{0492C64A-BB28-4509-8D1B-7BD5E317F235}.Release|Any CPU.ActiveCfg = Release|Any CPU
		{0492C64A-BB28-4509-8D1B-7BD5E317F235}.Release|Any CPU.Build.0 = Release|Any CPU
		{0492C64A-BB28-4509-8D1B-7BD5E317F235}.Release|Any CPU.Deploy.0 = Release|Any CPU
		{0492C64A-BB28-4509-8D1B-7BD5E317F235}.Release|ARM.ActiveCfg = Release|Any CPU
		{0492C64A-BB28-4509-8D1B-7BD5E317F235}.Release|ARM.Build.0 = Release|Any CPU
		{0492C64A-BB28-4509-8D1B-7BD5E317F235}.Release|ARM.Deploy.0 = Release|Any CPU
		{0492C64A-BB28-4509-8D1B-7BD5E317F235}.Release|iPhone.ActiveCfg = Release|Any CPU
		{0492C64A-BB28-4509-8D1B-7BD5E317F235}.Release|iPhone.Build.0 = Release|Any CPU
		{0492C64A-BB28-4509-8D1B-7BD5E317F235}.Release|iPhone.Deploy.0 = Release|Any CPU
		{0492C64A-BB28-4509-8D1B-7BD5E317F235}.Release|iPhoneSimulator.ActiveCfg = Release|Any CPU
		{0492C64A-BB28-4509-8D1B-7BD5E317F235}.Release|iPhoneSimulator.Build.0 = Release|Any CPU
		{0492C64A-BB28-4509-8D1B-7BD5E317F235}.Release|iPhoneSimulator.Deploy.0 = Release|Any CPU
		{0492C64A-BB28-4509-8D1B-7BD5E317F235}.Release|x64.ActiveCfg = Release|Any CPU
		{0492C64A-BB28-4509-8D1B-7BD5E317F235}.Release|x64.Build.0 = Release|Any CPU
		{0492C64A-BB28-4509-8D1B-7BD5E317F235}.Release|x64.Deploy.0 = Release|Any CPU
		{0492C64A-BB28-4509-8D1B-7BD5E317F235}.Release|x86.ActiveCfg = Release|Any CPU
		{0492C64A-BB28-4509-8D1B-7BD5E317F235}.Release|x86.Build.0 = Release|Any CPU
		{0492C64A-BB28-4509-8D1B-7BD5E317F235}.Release|x86.Deploy.0 = Release|Any CPU
		{E23F9BA8-FF60-4FD0-993A-7A06A1456C0A}.Ad-Hoc|Any CPU.ActiveCfg = Ad-Hoc|iPhone
		{E23F9BA8-FF60-4FD0-993A-7A06A1456C0A}.Ad-Hoc|ARM.ActiveCfg = Ad-Hoc|iPhone
		{E23F9BA8-FF60-4FD0-993A-7A06A1456C0A}.Ad-Hoc|iPhone.ActiveCfg = Ad-Hoc|iPhone
		{E23F9BA8-FF60-4FD0-993A-7A06A1456C0A}.Ad-Hoc|iPhone.Build.0 = Ad-Hoc|iPhone
		{E23F9BA8-FF60-4FD0-993A-7A06A1456C0A}.Ad-Hoc|iPhoneSimulator.ActiveCfg = Ad-Hoc|iPhoneSimulator
		{E23F9BA8-FF60-4FD0-993A-7A06A1456C0A}.Ad-Hoc|iPhoneSimulator.Build.0 = Ad-Hoc|iPhoneSimulator
		{E23F9BA8-FF60-4FD0-993A-7A06A1456C0A}.Ad-Hoc|x64.ActiveCfg = Ad-Hoc|iPhone
		{E23F9BA8-FF60-4FD0-993A-7A06A1456C0A}.Ad-Hoc|x86.ActiveCfg = Ad-Hoc|iPhone
		{E23F9BA8-FF60-4FD0-993A-7A06A1456C0A}.AppStore|Any CPU.ActiveCfg = AppStore|iPhone
		{E23F9BA8-FF60-4FD0-993A-7A06A1456C0A}.AppStore|ARM.ActiveCfg = AppStore|iPhone
		{E23F9BA8-FF60-4FD0-993A-7A06A1456C0A}.AppStore|iPhone.ActiveCfg = AppStore|iPhone
		{E23F9BA8-FF60-4FD0-993A-7A06A1456C0A}.AppStore|iPhone.Build.0 = AppStore|iPhone
		{E23F9BA8-FF60-4FD0-993A-7A06A1456C0A}.AppStore|iPhoneSimulator.ActiveCfg = AppStore|iPhoneSimulator
		{E23F9BA8-FF60-4FD0-993A-7A06A1456C0A}.AppStore|iPhoneSimulator.Build.0 = AppStore|iPhoneSimulator
		{E23F9BA8-FF60-4FD0-993A-7A06A1456C0A}.AppStore|x64.ActiveCfg = AppStore|iPhone
		{E23F9BA8-FF60-4FD0-993A-7A06A1456C0A}.AppStore|x86.ActiveCfg = AppStore|iPhone
		{E23F9BA8-FF60-4FD0-993A-7A06A1456C0A}.Debug|Any CPU.ActiveCfg = Debug|iPhone
		{E23F9BA8-FF60-4FD0-993A-7A06A1456C0A}.Debug|ARM.ActiveCfg = Debug|iPhone
		{E23F9BA8-FF60-4FD0-993A-7A06A1456C0A}.Debug|iPhone.ActiveCfg = Debug|iPhone
		{E23F9BA8-FF60-4FD0-993A-7A06A1456C0A}.Debug|iPhone.Build.0 = Debug|iPhone
		{E23F9BA8-FF60-4FD0-993A-7A06A1456C0A}.Debug|iPhoneSimulator.ActiveCfg = Debug|iPhoneSimulator
		{E23F9BA8-FF60-4FD0-993A-7A06A1456C0A}.Debug|iPhoneSimulator.Build.0 = Debug|iPhoneSimulator
		{E23F9BA8-FF60-4FD0-993A-7A06A1456C0A}.Debug|x64.ActiveCfg = Debug|iPhone
		{E23F9BA8-FF60-4FD0-993A-7A06A1456C0A}.Debug|x86.ActiveCfg = Debug|iPhone
		{E23F9BA8-FF60-4FD0-993A-7A06A1456C0A}.Release|Any CPU.ActiveCfg = Release|iPhone
		{E23F9BA8-FF60-4FD0-993A-7A06A1456C0A}.Release|ARM.ActiveCfg = Release|iPhone
		{E23F9BA8-FF60-4FD0-993A-7A06A1456C0A}.Release|iPhone.ActiveCfg = Release|iPhone
		{E23F9BA8-FF60-4FD0-993A-7A06A1456C0A}.Release|iPhone.Build.0 = Release|iPhone
		{E23F9BA8-FF60-4FD0-993A-7A06A1456C0A}.Release|iPhoneSimulator.ActiveCfg = Release|iPhoneSimulator
		{E23F9BA8-FF60-4FD0-993A-7A06A1456C0A}.Release|iPhoneSimulator.Build.0 = Release|iPhoneSimulator
		{E23F9BA8-FF60-4FD0-993A-7A06A1456C0A}.Release|x64.ActiveCfg = Release|iPhone
		{E23F9BA8-FF60-4FD0-993A-7A06A1456C0A}.Release|x86.ActiveCfg = Release|iPhone
		{678B75FE-7E59-4BE8-BC25-E92D87180498}.Ad-Hoc|Any CPU.ActiveCfg = Release|x86
		{678B75FE-7E59-4BE8-BC25-E92D87180498}.Ad-Hoc|Any CPU.Build.0 = Release|x86
		{678B75FE-7E59-4BE8-BC25-E92D87180498}.Ad-Hoc|Any CPU.Deploy.0 = Release|x86
		{678B75FE-7E59-4BE8-BC25-E92D87180498}.Ad-Hoc|ARM.ActiveCfg = Release|ARM
		{678B75FE-7E59-4BE8-BC25-E92D87180498}.Ad-Hoc|ARM.Build.0 = Release|ARM
		{678B75FE-7E59-4BE8-BC25-E92D87180498}.Ad-Hoc|ARM.Deploy.0 = Release|ARM
		{678B75FE-7E59-4BE8-BC25-E92D87180498}.Ad-Hoc|iPhone.ActiveCfg = Release|x86
		{678B75FE-7E59-4BE8-BC25-E92D87180498}.Ad-Hoc|iPhone.Build.0 = Release|x86
		{678B75FE-7E59-4BE8-BC25-E92D87180498}.Ad-Hoc|iPhone.Deploy.0 = Release|x86
		{678B75FE-7E59-4BE8-BC25-E92D87180498}.Ad-Hoc|iPhoneSimulator.ActiveCfg = Release|x86
		{678B75FE-7E59-4BE8-BC25-E92D87180498}.Ad-Hoc|iPhoneSimulator.Build.0 = Release|x86
		{678B75FE-7E59-4BE8-BC25-E92D87180498}.Ad-Hoc|iPhoneSimulator.Deploy.0 = Release|x86
		{678B75FE-7E59-4BE8-BC25-E92D87180498}.Ad-Hoc|x64.ActiveCfg = Release|x64
		{678B75FE-7E59-4BE8-BC25-E92D87180498}.Ad-Hoc|x64.Build.0 = Release|x64
		{678B75FE-7E59-4BE8-BC25-E92D87180498}.Ad-Hoc|x64.Deploy.0 = Release|x64
		{678B75FE-7E59-4BE8-BC25-E92D87180498}.Ad-Hoc|x86.ActiveCfg = Release|x86
		{678B75FE-7E59-4BE8-BC25-E92D87180498}.Ad-Hoc|x86.Build.0 = Release|x86
		{678B75FE-7E59-4BE8-BC25-E92D87180498}.Ad-Hoc|x86.Deploy.0 = Release|x86
		{678B75FE-7E59-4BE8-BC25-E92D87180498}.AppStore|Any CPU.ActiveCfg = Release|x86
		{678B75FE-7E59-4BE8-BC25-E92D87180498}.AppStore|Any CPU.Build.0 = Release|x86
		{678B75FE-7E59-4BE8-BC25-E92D87180498}.AppStore|Any CPU.Deploy.0 = Release|x86
		{678B75FE-7E59-4BE8-BC25-E92D87180498}.AppStore|ARM.ActiveCfg = Release|ARM
		{678B75FE-7E59-4BE8-BC25-E92D87180498}.AppStore|ARM.Build.0 = Release|ARM
		{678B75FE-7E59-4BE8-BC25-E92D87180498}.AppStore|ARM.Deploy.0 = Release|ARM
		{678B75FE-7E59-4BE8-BC25-E92D87180498}.AppStore|iPhone.ActiveCfg = Release|x86
		{678B75FE-7E59-4BE8-BC25-E92D87180498}.AppStore|iPhone.Build.0 = Release|x86
		{678B75FE-7E59-4BE8-BC25-E92D87180498}.AppStore|iPhone.Deploy.0 = Release|x86
		{678B75FE-7E59-4BE8-BC25-E92D87180498}.AppStore|iPhoneSimulator.ActiveCfg = Release|x86
		{678B75FE-7E59-4BE8-BC25-E92D87180498}.AppStore|iPhoneSimulator.Build.0 = Release|x86
		{678B75FE-7E59-4BE8-BC25-E92D87180498}.AppStore|iPhoneSimulator.Deploy.0 = Release|x86
		{678B75FE-7E59-4BE8-BC25-E92D87180498}.AppStore|x64.ActiveCfg = Release|x64
		{678B75FE-7E59-4BE8-BC25-E92D87180498}.AppStore|x64.Build.0 = Release|x64
		{678B75FE-7E59-4BE8-BC25-E92D87180498}.AppStore|x64.Deploy.0 = Release|x64
		{678B75FE-7E59-4BE8-BC25-E92D87180498}.AppStore|x86.ActiveCfg = Release|x86
		{678B75FE-7E59-4BE8-BC25-E92D87180498}.AppStore|x86.Build.0 = Release|x86
		{678B75FE-7E59-4BE8-BC25-E92D87180498}.AppStore|x86.Deploy.0 = Release|x86
		{678B75FE-7E59-4BE8-BC25-E92D87180498}.Debug|Any CPU.ActiveCfg = Debug|x86
		{678B75FE-7E59-4BE8-BC25-E92D87180498}.Debug|ARM.ActiveCfg = Debug|ARM
		{678B75FE-7E59-4BE8-BC25-E92D87180498}.Debug|ARM.Build.0 = Debug|ARM
		{678B75FE-7E59-4BE8-BC25-E92D87180498}.Debug|ARM.Deploy.0 = Debug|ARM
		{678B75FE-7E59-4BE8-BC25-E92D87180498}.Debug|iPhone.ActiveCfg = Debug|x86
		{678B75FE-7E59-4BE8-BC25-E92D87180498}.Debug|iPhoneSimulator.ActiveCfg = Debug|x86
		{678B75FE-7E59-4BE8-BC25-E92D87180498}.Debug|x64.ActiveCfg = Debug|x64
		{678B75FE-7E59-4BE8-BC25-E92D87180498}.Debug|x64.Build.0 = Debug|x64
		{678B75FE-7E59-4BE8-BC25-E92D87180498}.Debug|x64.Deploy.0 = Debug|x64
		{678B75FE-7E59-4BE8-BC25-E92D87180498}.Debug|x86.ActiveCfg = Debug|x86
		{678B75FE-7E59-4BE8-BC25-E92D87180498}.Debug|x86.Build.0 = Debug|x86
		{678B75FE-7E59-4BE8-BC25-E92D87180498}.Debug|x86.Deploy.0 = Debug|x86
		{678B75FE-7E59-4BE8-BC25-E92D87180498}.Release|Any CPU.ActiveCfg = Release|x86
		{678B75FE-7E59-4BE8-BC25-E92D87180498}.Release|ARM.ActiveCfg = Release|ARM
		{678B75FE-7E59-4BE8-BC25-E92D87180498}.Release|ARM.Build.0 = Release|ARM
		{678B75FE-7E59-4BE8-BC25-E92D87180498}.Release|ARM.Deploy.0 = Release|ARM
		{678B75FE-7E59-4BE8-BC25-E92D87180498}.Release|iPhone.ActiveCfg = Release|x86
		{678B75FE-7E59-4BE8-BC25-E92D87180498}.Release|iPhoneSimulator.ActiveCfg = Release|x86
		{678B75FE-7E59-4BE8-BC25-E92D87180498}.Release|x64.ActiveCfg = Release|x64
		{678B75FE-7E59-4BE8-BC25-E92D87180498}.Release|x64.Build.0 = Release|x64
		{678B75FE-7E59-4BE8-BC25-E92D87180498}.Release|x64.Deploy.0 = Release|x64
		{678B75FE-7E59-4BE8-BC25-E92D87180498}.Release|x86.ActiveCfg = Release|x86
		{678B75FE-7E59-4BE8-BC25-E92D87180498}.Release|x86.Build.0 = Release|x86
		{678B75FE-7E59-4BE8-BC25-E92D87180498}.Release|x86.Deploy.0 = Release|x86
	EndGlobalSection
	GlobalSection(SolutionProperties) = preSolution
		HideSolutionNode = FALSE
	EndGlobalSection
	GlobalSection(ExtensibilityGlobals) = postSolution
		SolutionGuid = {E50B14F0-85A2-4BD9-A66C-98BE4B368D8C}
	EndGlobalSection
EndGlobal
